// !$*UTF8*$!
{
	archiveVersion = 1;
	classes = {
	};
	objectVersion = 56;
	objects = {

/* Begin PBXBuildFile section */
		8111278B2C2EA73300BB6980 /* GameOverSince.swift in Sources */ = {isa = PBXBuildFile; fileRef = 8111278A2C2EA73300BB6980 /* GameOverSince.swift */; };
		8111278D2C2EAE1600BB6980 /* GameOverScane.sks in Resources */ = {isa = PBXBuildFile; fileRef = 8111278C2C2EAE1600BB6980 /* GameOverScane.sks */; };
		81F2293E2C2D636B00614E29 /* AppDelegate.swift in Sources */ = {isa = PBXBuildFile; fileRef = 81F2293D2C2D636B00614E29 /* AppDelegate.swift */; };
		81F229402C2D636B00614E29 /* SceneDelegate.swift in Sources */ = {isa = PBXBuildFile; fileRef = 81F2293F2C2D636B00614E29 /* SceneDelegate.swift */; };
		81F229422C2D636B00614E29 /* ViewController.swift in Sources */ = {isa = PBXBuildFile; fileRef = 81F229412C2D636B00614E29 /* ViewController.swift */; };
		81F229452C2D636B00614E29 /* Base in Resources */ = {isa = PBXBuildFile; fileRef = 81F229442C2D636B00614E29 /* Base */; };
		81F229472C2D636B00614E29 /* Assets.xcassets in Resources */ = {isa = PBXBuildFile; fileRef = 81F229462C2D636B00614E29 /* Assets.xcassets */; };
		81F2294A2C2D636B00614E29 /* Base in Resources */ = {isa = PBXBuildFile; fileRef = 81F229492C2D636B00614E29 /* Base */; };
		81F229522C2D652500614E29 /* GameViewController.swift in Sources */ = {isa = PBXBuildFile; fileRef = 81F229512C2D652500614E29 /* GameViewController.swift */; };
		81F229542C2D656000614E29 /* GameScane.sks in Resources */ = {isa = PBXBuildFile; fileRef = 81F229532C2D656000614E29 /* GameScane.sks */; };
		81F229562C2D669200614E29 /* ARCADECLASSIC.TTF in Resources */ = {isa = PBXBuildFile; fileRef = 81F229552C2D669200614E29 /* ARCADECLASSIC.TTF */; };
		81F2295A2C2D6DF600614E29 /* GameScane.swift in Sources */ = {isa = PBXBuildFile; fileRef = 81F229592C2D6DF600614E29 /* GameScane.swift */; };
/* End PBXBuildFile section */

/* Begin PBXFileReference section */
		8111278A2C2EA73300BB6980 /* GameOverSince.swift */ = {isa = PBXFileReference; lastKnownFileType = sourcecode.swift; path = GameOverSince.swift; sourceTree = "<group>"; };
		8111278C2C2EAE1600BB6980 /* GameOverScane.sks */ = {isa = PBXFileReference; lastKnownFileType = file.sks; path = GameOverScane.sks; sourceTree = "<group>"; };
		81F2293A2C2D636B00614E29 /* Car.app */ = {isa = PBXFileReference; explicitFileType = wrapper.application; includeInIndex = 0; path = Car.app; sourceTree = BUILT_PRODUCTS_DIR; };
		81F2293D2C2D636B00614E29 /* AppDelegate.swift */ = {isa = PBXFileReference; lastKnownFileType = sourcecode.swift; path = AppDelegate.swift; sourceTree = "<group>"; };
		81F2293F2C2D636B00614E29 /* SceneDelegate.swift */ = {isa = PBXFileReference; lastKnownFileType = sourcecode.swift; path = SceneDelegate.swift; sourceTree = "<group>"; };
		81F229412C2D636B00614E29 /* ViewController.swift */ = {isa = PBXFileReference; lastKnownFileType = sourcecode.swift; path = ViewController.swift; sourceTree = "<group>"; };
		81F229442C2D636B00614E29 /* Base */ = {isa = PBXFileReference; lastKnownFileType = file.storyboard; name = Base; path = Base.lproj/Main.storyboard; sourceTree = "<group>"; };
		81F229462C2D636B00614E29 /* Assets.xcassets */ = {isa = PBXFileReference; lastKnownFileType = folder.assetcatalog; path = Assets.xcassets; sourceTree = "<group>"; };
		81F229492C2D636B00614E29 /* Base */ = {isa = PBXFileReference; lastKnownFileType = file.storyboard; name = Base; path = Base.lproj/LaunchScreen.storyboard; sourceTree = "<group>"; };
		81F2294B2C2D636B00614E29 /* Info.plist */ = {isa = PBXFileReference; lastKnownFileType = text.plist.xml; path = Info.plist; sourceTree = "<group>"; };
		81F229512C2D652500614E29 /* GameViewController.swift */ = {isa = PBXFileReference; lastKnownFileType = sourcecode.swift; path = GameViewController.swift; sourceTree = "<group>"; };
		81F229532C2D656000614E29 /* GameScane.sks */ = {isa = PBXFileReference; lastKnownFileType = file.sks; path = GameScane.sks; sourceTree = "<group>"; };
		81F229552C2D669200614E29 /* ARCADECLASSIC.TTF */ = {isa = PBXFileReference; lastKnownFileType = file; path = ARCADECLASSIC.TTF; sourceTree = "<group>"; };
		81F229592C2D6DF600614E29 /* GameScane.swift */ = {isa = PBXFileReference; lastKnownFileType = sourcecode.swift; path = GameScane.swift; sourceTree = "<group>"; };
/* End PBXFileReference section */

/* Begin PBXFrameworksBuildPhase section */
		81F229372C2D636B00614E29 /* Frameworks */ = {
			isa = PBXFrameworksBuildPhase;
			buildActionMask = 2147483647;
			files = (
			);
			runOnlyForDeploymentPostprocessing = 0;
		};
/* End PBXFrameworksBuildPhase section */

/* Begin PBXGroup section */
		81F229312C2D636B00614E29 = {
			isa = PBXGroup;
			children = (
				81F2293C2C2D636B00614E29 /* Car */,
				81F2293B2C2D636B00614E29 /* Products */,
			);
			sourceTree = "<group>";
		};
		81F2293B2C2D636B00614E29 /* Products */ = {
			isa = PBXGroup;
			children = (
				81F2293A2C2D636B00614E29 /* Car.app */,
			);
			name = Products;
			sourceTree = "<group>";
		};
		81F2293C2C2D636B00614E29 /* Car */ = {
			isa = PBXGroup;
			children = (
				81F2293D2C2D636B00614E29 /* AppDelegate.swift */,
				81F2293F2C2D636B00614E29 /* SceneDelegate.swift */,
				81F229412C2D636B00614E29 /* ViewController.swift */,
				81F229512C2D652500614E29 /* GameViewController.swift */,
				81F229432C2D636B00614E29 /* Main.storyboard */,
				81F229462C2D636B00614E29 /* Assets.xcassets */,
				81F229482C2D636B00614E29 /* LaunchScreen.storyboard */,
				81F229552C2D669200614E29 /* ARCADECLASSIC.TTF */,
				81F2294B2C2D636B00614E29 /* Info.plist */,
				81F229532C2D656000614E29 /* GameScane.sks */,
				81F229592C2D6DF600614E29 /* GameScane.swift */,
				8111278A2C2EA73300BB6980 /* GameOverSince.swift */,
				8111278C2C2EAE1600BB6980 /* GameOverScane.sks */,
			);
			path = Car;
			sourceTree = "<group>";
		};
/* End PBXGroup section */

/* Begin PBXNativeTarget section */
		81F229392C2D636B00614E29 /* Car */ = {
			isa = PBXNativeTarget;
			buildConfigurationList = 81F2294E2C2D636B00614E29 /* Build configuration list for PBXNativeTarget "Car" */;
			buildPhases = (
				81F229362C2D636B00614E29 /* Sources */,
				81F229372C2D636B00614E29 /* Frameworks */,
				81F229382C2D636B00614E29 /* Resources */,
			);
			buildRules = (
			);
			dependencies = (
			);
			name = Car;
			productName = Car;
			productReference = 81F2293A2C2D636B00614E29 /* Car.app */;
			productType = "com.apple.product-type.application";
		};
/* End PBXNativeTarget section */

/* Begin PBXProject section */
		81F229322C2D636B00614E29 /* Project object */ = {
			isa = PBXProject;
			attributes = {
				BuildIndependentTargetsInParallel = 1;
				LastSwiftUpdateCheck = 1540;
				LastUpgradeCheck = 1540;
				TargetAttributes = {
					81F229392C2D636B00614E29 = {
						CreatedOnToolsVersion = 15.4;
					};
				};
			};
			buildConfigurationList = 81F229352C2D636B00614E29 /* Build configuration list for PBXProject "Car" */;
			compatibilityVersion = "Xcode 14.0";
			developmentRegion = en;
			hasScannedForEncodings = 0;
			knownRegions = (
				en,
				Base,
			);
			mainGroup = 81F229312C2D636B00614E29;
			productRefGroup = 81F2293B2C2D636B00614E29 /* Products */;
			projectDirPath = "";
			projectRoot = "";
			targets = (
				81F229392C2D636B00614E29 /* Car */,
			);
		};
/* End PBXProject section */

/* Begin PBXResourcesBuildPhase section */
		81F229382C2D636B00614E29 /* Resources */ = {
			isa = PBXResourcesBuildPhase;
			buildActionMask = 2147483647;
			files = (
				81F229562C2D669200614E29 /* ARCADECLASSIC.TTF in Resources */,
				81F229542C2D656000614E29 /* GameScane.sks in Resources */,
				81F229472C2D636B00614E29 /* Assets.xcassets in Resources */,
				81F2294A2C2D636B00614E29 /* Base in Resources */,
				8111278D2C2EAE1600BB6980 /* GameOverScane.sks in Resources */,
				81F229452C2D636B00614E29 /* Base in Resources */,
			);
			runOnlyForDeploymentPostprocessing = 0;
		};
/* End PBXResourcesBuildPhase section */

/* Begin PBXSourcesBuildPhase section */
		81F229362C2D636B00614E29 /* Sources */ = {
			isa = PBXSourcesBuildPhase;
			buildActionMask = 2147483647;
			files = (
				8111278B2C2EA73300BB6980 /* GameOverSince.swift in Sources */,
				81F229522C2D652500614E29 /* GameViewController.swift in Sources */,
				81F229422C2D636B00614E29 /* ViewController.swift in Sources */,
				81F2295A2C2D6DF600614E29 /* GameScane.swift in Sources */,
				81F2293E2C2D636B00614E29 /* AppDelegate.swift in Sources */,
				81F229402C2D636B00614E29 /* SceneDelegate.swift in Sources */,
			);
			runOnlyForDeploymentPostprocessing = 0;
		};
/* End PBXSourcesBuildPhase section */

/* Begin PBXVariantGroup section */
		81F229432C2D636B00614E29 /* Main.storyboard */ = {
			isa = PBXVariantGroup;
			children = (
				81F229442C2D636B00614E29 /* Base */,
			);
			name = Main.storyboard;
			sourceTree = "<group>";
		};
		81F229482C2D636B00614E29 /* LaunchScreen.storyboard */ = {
			isa = PBXVariantGroup;
			children = (
				81F229492C2D636B00614E29 /* Base */,
			);
			name = LaunchScreen.storyboard;
			sourceTree = "<group>";
		};
/* End PBXVariantGroup section */

/* Begin XCBuildConfiguration section */
		81F2294C2C2D636B00614E29 /* Debug */ = {
			isa = XCBuildConfiguration;
			buildSettings = {
				ALWAYS_SEARCH_USER_PATHS = NO;
				ASSETCATALOG_COMPILER_GENERATE_SWIFT_ASSET_SYMBOL_EXTENSIONS = YES;
				CLANG_ANALYZER_NONNULL = YES;
				CLANG_ANALYZER_NUMBER_OBJECT_CONVERSION = YES_AGGRESSIVE;
				CLANG_CXX_LANGUAGE_STANDARD = "gnu++20";
				CLANG_ENABLE_MODULES = YES;
				CLANG_ENABLE_OBJC_ARC = YES;
				CLANG_ENABLE_OBJC_WEAK = YES;
				CLANG_WARN_BLOCK_CAPTURE_AUTORELEASING = YES;
				CLANG_WARN_BOOL_CONVERSION = YES;
				CLANG_WARN_COMMA = YES;
				CLANG_WARN_CONSTANT_CONVERSION = YES;
				CLANG_WARN_DEPRECATED_OBJC_IMPLEMENTATIONS = YES;
				CLANG_WARN_DIRECT_OBJC_ISA_USAGE = YES_ERROR;
				CLANG_WARN_DOCUMENTATION_COMMENTS = YES;
				CLANG_WARN_EMPTY_BODY = YES;
				CLANG_WARN_ENUM_CONVERSION = YES;
				CLANG_WARN_INFINITE_RECURSION = YES;
				CLANG_WARN_INT_CONVERSION = YES;
				CLANG_WARN_NON_LITERAL_NULL_CONVERSION = YES;
				CLANG_WARN_OBJC_IMPLICIT_RETAIN_SELF = YES;
				CLANG_WARN_OBJC_LITERAL_CONVERSION = YES;
				CLANG_WARN_OBJC_ROOT_CLASS = YES_ERROR;
				CLANG_WARN_QUOTED_INCLUDE_IN_FRAMEWORK_HEADER = YES;
				CLANG_WARN_RANGE_LOOP_ANALYSIS = YES;
				CLANG_WARN_STRICT_PROTOTYPES = YES;
				CLANG_WARN_SUSPICIOUS_MOVE = YES;
				CLANG_WARN_UNGUARDED_AVAILABILITY = YES_AGGRESSIVE;
				CLANG_WARN_UNREACHABLE_CODE = YES;
				CLANG_WARN__DUPLICATE_METHOD_MATCH = YES;
				COPY_PHASE_STRIP = NO;
				DEBUG_INFORMATION_FORMAT = dwarf;
				ENABLE_STRICT_OBJC_MSGSEND = YES;
				ENABLE_TESTABILITY = YES;
				ENABLE_USER_SCRIPT_SANDBOXING = YES;
				GCC_C_LANGUAGE_STANDARD = gnu17;
				GCC_DYNAMIC_NO_PIC = NO;
				GCC_NO_COMMON_BLOCKS = YES;
				GCC_OPTIMIZATION_LEVEL = 0;
				GCC_PREPROCESSOR_DEFINITIONS = (
					"DEBUG=1",
					"$(inherited)",
				);
				GCC_WARN_64_TO_32_BIT_CONVERSION = YES;
				GCC_WARN_ABOUT_RETURN_TYPE = YES_ERROR;
				GCC_WARN_UNDECLARED_SELECTOR = YES;
				GCC_WARN_UNINITIALIZED_AUTOS = YES_AGGRESSIVE;
				GCC_WARN_UNUSED_FUNCTION = YES;
				GCC_WARN_UNUSED_VARIABLE = YES;
				IPHONEOS_DEPLOYMENT_TARGET = 17.5;
				LOCALIZATION_PREFERS_STRING_CATALOGS = YES;
				MTL_ENABLE_DEBUG_INFO = INCLUDE_SOURCE;
				MTL_FAST_MATH = YES;
				ONLY_ACTIVE_ARCH = YES;
				SDKROOT = iphoneos;
				SWIFT_ACTIVE_COMPILATION_CONDITIONS = "DEBUG $(inherited)";
				SWIFT_OPTIMIZATION_LEVEL = "-Onone";
			};
			name = Debug;
		};
		81F2294D2C2D636B00614E29 /* Release */ = {
			isa = XCBuildConfiguration;
			buildSettings = {
				ALWAYS_SEARCH_USER_PATHS = NO;
				ASSETCATALOG_COMPILER_GENERATE_SWIFT_ASSET_SYMBOL_EXTENSIONS = YES;
				CLANG_ANALYZER_NONNULL = YES;
				CLANG_ANALYZER_NUMBER_OBJECT_CONVERSION = YES_AGGRESSIVE;
				CLANG_CXX_LANGUAGE_STANDARD = "gnu++20";
				CLANG_ENABLE_MODULES = YES;
				CLANG_ENABLE_OBJC_ARC = YES;
				CLANG_ENABLE_OBJC_WEAK = YES;
				CLANG_WARN_BLOCK_CAPTURE_AUTORELEASING = YES;
				CLANG_WARN_BOOL_CONVERSION = YES;
				CLANG_WARN_COMMA = YES;
				CLANG_WARN_CONSTANT_CONVERSION = YES;
				CLANG_WARN_DEPRECATED_OBJC_IMPLEMENTATIONS = YES;
				CLANG_WARN_DIRECT_OBJC_ISA_USAGE = YES_ERROR;
				CLANG_WARN_DOCUMENTATION_COMMENTS = YES;
				CLANG_WARN_EMPTY_BODY = YES;
				CLANG_WARN_ENUM_CONVERSION = YES;
				CLANG_WARN_INFINITE_RECURSION = YES;
				CLANG_WARN_INT_CONVERSION = YES;
				CLANG_WARN_NON_LITERAL_NULL_CONVERSION = YES;
				CLANG_WARN_OBJC_IMPLICIT_RETAIN_SELF = YES;
				CLANG_WARN_OBJC_LITERAL_CONVERSION = YES;
				CLANG_WARN_OBJC_ROOT_CLASS = YES_ERROR;
				CLANG_WARN_QUOTED_INCLUDE_IN_FRAMEWORK_HEADER = YES;
				CLANG_WARN_RANGE_LOOP_ANALYSIS = YES;
				CLANG_WARN_STRICT_PROTOTYPES = YES;
				CLANG_WARN_SUSPICIOUS_MOVE = YES;
				CLANG_WARN_UNGUARDED_AVAILABILITY = YES_AGGRESSIVE;
				CLANG_WARN_UNREACHABLE_CODE = YES;
				CLANG_WARN__DUPLICATE_METHOD_MATCH = YES;
				COPY_PHASE_STRIP = NO;
				DEBUG_INFORMATION_FORMAT = "dwarf-with-dsym";
				ENABLE_NS_ASSERTIONS = NO;
				ENABLE_STRICT_OBJC_MSGSEND = YES;
				ENABLE_USER_SCRIPT_SANDBOXING = YES;
				GCC_C_LANGUAGE_STANDARD = gnu17;
				GCC_NO_COMMON_BLOCKS = YES;
				GCC_WARN_64_TO_32_BIT_CONVERSION = YES;
				GCC_WARN_ABOUT_RETURN_TYPE = YES_ERROR;
				GCC_WARN_UNDECLARED_SELECTOR = YES;
				GCC_WARN_UNINITIALIZED_AUTOS = YES_AGGRESSIVE;
				GCC_WARN_UNUSED_FUNCTION = YES;
				GCC_WARN_UNUSED_VARIABLE = YES;
				IPHONEOS_DEPLOYMENT_TARGET = 17.5;
				LOCALIZATION_PREFERS_STRING_CATALOGS = YES;
				MTL_ENABLE_DEBUG_INFO = NO;
				MTL_FAST_MATH = YES;
				SDKROOT = iphoneos;
				SWIFT_COMPILATION_MODE = wholemodule;
				VALIDATE_PRODUCT = YES;
			};
			name = Release;
		};
		81F2294F2C2D636B00614E29 /* Debug */ = {
			isa = XCBuildConfiguration;
			buildSettings = {
				ASSETCATALOG_COMPILER_APPICON_NAME = AppIcon;
				ASSETCATALOG_COMPILER_GLOBAL_ACCENT_COLOR_NAME = AccentColor;
				CODE_SIGN_STYLE = Automatic;
				CURRENT_PROJECT_VERSION = 1;
				GENERATE_INFOPLIST_FILE = YES;
				INFOPLIST_FILE = Car/Info.plist;
				INFOPLIST_KEY_UIApplicationSupportsIndirectInputEvents = YES;
				INFOPLIST_KEY_UILaunchStoryboardName = LaunchScreen;
				INFOPLIST_KEY_UIMainStoryboardFile = Main;
				INFOPLIST_KEY_UISupportedInterfaceOrientations_iPad = "UIInterfaceOrientationPortrait UIInterfaceOrientationPortraitUpsideDown UIInterfaceOrientationLandscapeLeft UIInterfaceOrientationLandscapeRight";
				INFOPLIST_KEY_UISupportedInterfaceOrientations_iPhone = "UIInterfaceOrientationPortrait UIInterfaceOrientationLandscapeLeft UIInterfaceOrientationLandscapeRight";
				LD_RUNPATH_SEARCH_PATHS = (
					"$(inherited)",
					"@executable_path/Frameworks",
				);
				MARKETING_VERSION = 1.0;
				PRODUCT_BUNDLE_IDENTIFIER = com.rohit.Car;
				PRODUCT_NAME = "$(TARGET_NAME)";
				SWIFT_EMIT_LOC_STRINGS = YES;
				SWIFT_VERSION = 5.0;
				TARGETED_DEVICE_FAMILY = "1,2";
			};
			name = Debug;
		};
		81F229502C2D636B00614E29 /* Release */ = {
			isa = XCBuildConfiguration;
			buildSettings = {
				ASSETCATALOG_COMPILER_APPICON_NAME = AppIcon;
				ASSETCATALOG_COMPILER_GLOBAL_ACCENT_COLOR_NAME = AccentColor;
				CODE_SIGN_STYLE = Automatic;
				CURRENT_PROJECT_VERSION = 1;
				GENERATE_INFOPLIST_FILE = YES;
				INFOPLIST_FILE = Car/Info.plist;
				INFOPLIST_KEY_UIApplicationSupportsIndirectInputEvents = YES;
				INFOPLIST_KEY_UILaunchStoryboardName = LaunchScreen;
				INFOPLIST_KEY_UIMainStoryboardFile = Main;
				INFOPLIST_KEY_UISupportedInterfaceOrientations_iPad = "UIInterfaceOrientationPortrait UIInterfaceOrientationPortraitUpsideDown UIInterfaceOrientationLandscapeLeft UIInterfaceOrientationLandscapeRight";
				INFOPLIST_KEY_UISupportedInterfaceOrientations_iPhone = "UIInterfaceOrientationPortrait UIInterfaceOrientationLandscapeLeft UIInterfaceOrientationLandscapeRight";
				LD_RUNPATH_SEARCH_PATHS = (
					"$(inherited)",
					"@executable_path/Frameworks",
				);
				MARKETING_VERSION = 1.0;
				PRODUCT_BUNDLE_IDENTIFIER = com.rohit.Car;
				PRODUCT_NAME = "$(TARGET_NAME)";
				SWIFT_EMIT_LOC_STRINGS = YES;
				SWIFT_VERSION = 5.0;
				TARGETED_DEVICE_FAMILY = "1,2";
			};
			name = Release;
		};
/* End XCBuildConfiguration section */

/* Begin XCConfigurationList section */
		81F229352C2D636B00614E29 /* Build configuration list for PBXProject "Car" */ = {
			isa = XCConfigurationList;
			buildConfigurations = (
				81F2294C2C2D636B00614E29 /* Debug */,
				81F2294D2C2D636B00614E29 /* Release */,
			);
			defaultConfigurationIsVisible = 0;
			defaultConfigurationName = Release;
		};
		81F2294E2C2D636B00614E29 /* Build configuration list for PBXNativeTarget "Car" */ = {
			isa = XCConfigurationList;
			buildConfigurations = (
				81F2294F2C2D636B00614E29 /* Debug */,
				81F229502C2D636B00614E29 /* Release */,
			);
			defaultConfigurationIsVisible = 0;
			defaultConfigurationName = Release;
		};
/* End XCConfigurationList section */
	};
	rootObject = 81F229322C2D636B00614E29 /* Project object */;
}
